
Microsoft Visual Studio Solution File, Format Version 12.00
# Visual Studio Version 17
VisualStudioVersion = 17.5.33516.290
MinimumVisualStudioVersion = 10.0.40219.1
Project("{FAE04EC0-301F-11D3-BF4B-00C04F79EFBC}") = "RechargeApp", "RechargeApp\RechargeApp.csproj", "{966CB041-68DD-4824-B1C2-ED0E80782368}"
EndProject
Global
	GlobalSection(SolutionConfigurationPlatforms) = preSolution
		Debug|Any CPU = Debug|Any CPU
		Release|Any CPU = Release|Any CPU
	EndGlobalSection
	GlobalSection(ProjectConfigurationPlatforms) = postSolution
		{966CB041-68DD-4824-B1C2-ED0E80782368}.Debug|Any CPU.ActiveCfg = Debug|Any CPU
		{966CB041-68DD-4824-B1C2-ED0E80782368}.Debug|Any CPU.Build.0 = Debug|Any CPU
		{966CB041-68DD-4824-B1C2-ED0E80782368}.Release|Any CPU.ActiveCfg = Release|Any CPU
		{966CB041-68DD-4824-B1C2-ED0E80782368}.Release|Any CPU.Build.0 = Release|Any CPU
	EndGlobalSection
	GlobalSection(SolutionProperties) = preSolution
		HideSolutionNode = FALSE
	EndGlobalSection
	GlobalSection(ExtensibilityGlobals) = postSolution
		SolutionGuid = {FD0C3EAD-F515-434D-BD05-395E7751B030}
	EndGlobalSection
EndGlobal
